
Microsoft Visual Studio Solution File, Format Version 12.00
# Visual Studio 15
VisualStudioVersion = 15.0.28010.2048
MinimumVisualStudioVersion = 10.0.40219.1
Project("{FAE04EC0-301F-11D3-BF4B-00C04F79EFBC}") = "PatternsConsole", "PatternsConsole\PatternsConsole.csproj", "{549C9E20-31B2-4C99-BF24-A6C9471EE0D5}"
EndProject
Project("{FAE04EC0-301F-11D3-BF4B-00C04F79EFBC}") = "Creational", "..\Structure\Creational.csproj", "{71F6A8D7-289B-422E-B0F7-7C77BE0718E7}"
EndProject
Global
	GlobalSection(SolutionConfigurationPlatforms) = preSolution
		Debug|Any CPU = Debug|Any CPU
		Release|Any CPU = Release|Any CPU
	EndGlobalSection
	GlobalSection(ProjectConfigurationPlatforms) = postSolution
		{549C9E20-31B2-4C99-BF24-A6C9471EE0D5}.Debug|Any CPU.ActiveCfg = Debug|Any CPU
		{549C9E20-31B2-4C99-BF24-A6C9471EE0D5}.Debug|Any CPU.Build.0 = Debug|Any CPU
		{549C9E20-31B2-4C99-BF24-A6C9471EE0D5}.Release|Any CPU.ActiveCfg = Release|Any CPU
		{549C9E20-31B2-4C99-BF24-A6C9471EE0D5}.Release|Any CPU.Build.0 = Release|Any CPU
		{71F6A8D7-289B-422E-B0F7-7C77BE0718E7}.Debug|Any CPU.ActiveCfg = Debug|Any CPU
		{71F6A8D7-289B-422E-B0F7-7C77BE0718E7}.Debug|Any CPU.Build.0 = Debug|Any CPU
		{71F6A8D7-289B-422E-B0F7-7C77BE0718E7}.Release|Any CPU.ActiveCfg = Release|Any CPU
		{71F6A8D7-289B-422E-B0F7-7C77BE0718E7}.Release|Any CPU.Build.0 = Release|Any CPU
	EndGlobalSection
	GlobalSection(SolutionProperties) = preSolution
		HideSolutionNode = FALSE
	EndGlobalSection
	GlobalSection(ExtensibilityGlobals) = postSolution
		SolutionGuid = {3946B154-C811-4FE7-9E53-90B5175906B1}
	EndGlobalSection
EndGlobal
